{
  "nodes": {
    "nixToLua": {
      "locked": {
        "lastModified": 1748756411,
        "narHash": "sha256-jmfRRsxCVV+/2KnDVrMG/RBKFOARDpSrYICqQ6vnSjw=",
        "owner": "BirdeeHub",
        "repo": "nixToLua",
        "rev": "a701038ccfe76833f678e3c643a2b0f4291c1cea",
        "type": "github"
      },
      "original": {
        "owner": "BirdeeHub",
        "repo": "nixToLua",
        "type": "github"
      }
    },
    "nixpkgs": {
      "locked": {
        "lastModified": 1762361079,
        "narHash": "sha256-lz718rr1BDpZBYk7+G8cE6wee3PiBUpn8aomG/vLLiY=",
        "owner": "nixos",
        "repo": "nixpkgs",
        "rev": "ffcdcf99d65c61956d882df249a9be53e5902ea5",
        "type": "github"
      },
      "original": {
        "owner": "nixos",
        "ref": "nixpkgs-unstable",
        "repo": "nixpkgs",
        "type": "github"
      }
    },
    "root": {
      "inputs": {
        "nixToLua": "nixToLua",
        "nixpkgs": "nixpkgs",
        "tmux-navigate-src": "tmux-navigate-src",
        "wrappers": "wrappers"
      }
    },
    "tmux-navigate-src": {
      "flake": false,
      "locked": {
        "lastModified": 1665505688,
        "narHash": "sha256-Rn/rIbFx2zCyzvLZmbf7q1nF97Yi9dONUDv1QDcscxo=",
        "owner": "sunaku",
        "repo": "tmux-navigate",
        "rev": "27c83cd229bceff55e6318cce7945995623a6106",
        "type": "github"
      },
      "original": {
        "owner": "sunaku",
        "repo": "tmux-navigate",
        "type": "github"
      }
    },
    "wrappers": {
      "inputs": {
        "nixpkgs": [
          "nixpkgs"
        ]
      },
      "locked": {
        "lastModified": 1762479252,
        "narHash": "sha256-Az0ms9VhgUymXn5xMIFwbAwyWOzSwt2WcVxHE/layfw=",
        "owner": "BirdeeHub",
        "repo": "wrappers",
        "rev": "1ec05b97556ae1a2b23bfa7e9c27bc3d4761ae69",
        "type": "github"
      },
      "original": {
        "owner": "BirdeeHub",
        "ref": "rewrite_lib",
        "repo": "wrappers",
        "type": "github"
      }
    }
  },
  "root": "root",
  "version": 7
}
