{
  "nodes": {
    "nixpkgs": {
      "locked": {
        "lastModified": 1763618868,
        "narHash": "sha256-v5afmLjn/uyD9EQuPBn7nZuaZVV9r+JerayK/4wvdWA=",
        "owner": "nixos",
        "repo": "nixpkgs",
        "rev": "a8d610af3f1a5fb71e23e08434d8d61a466fc942",
        "type": "github"
      },
      "original": {
        "owner": "nixos",
        "ref": "nixpkgs-unstable",
        "repo": "nixpkgs",
        "type": "github"
      }
    },
    "root": {
      "inputs": {
        "nixpkgs": "nixpkgs",
        "tmux-navigate-src": "tmux-navigate-src",
        "wrappers": "wrappers"
      }
    },
    "tmux-navigate-src": {
      "flake": false,
      "locked": {
        "lastModified": 1665505688,
        "narHash": "sha256-Rn/rIbFx2zCyzvLZmbf7q1nF97Yi9dONUDv1QDcscxo=",
        "owner": "sunaku",
        "repo": "tmux-navigate",
        "rev": "27c83cd229bceff55e6318cce7945995623a6106",
        "type": "github"
      },
      "original": {
        "owner": "sunaku",
        "repo": "tmux-navigate",
        "type": "github"
      }
    },
    "wrappers": {
      "inputs": {
        "nixpkgs": [
          "nixpkgs"
        ]
      },
      "locked": {
        "lastModified": 1764438107,
        "narHash": "sha256-WXuv0eoHR3LczrwHRioQjWu1S4vmiE4QnCRtr4hPKVg=",
        "owner": "BirdeeHub",
        "repo": "nix-wrapper-modules",
        "rev": "81819c563bdef0b37c990ad048e5cc99f215b6d7",
        "type": "github"
      },
      "original": {
        "owner": "BirdeeHub",
        "repo": "nix-wrapper-modules",
        "type": "github"
      }
    }
  },
  "root": "root",
  "version": 7
}
