{
  "nodes": {
    "nixToLua": {
      "locked": {
        "lastModified": 1725270859,
        "narHash": "sha256-m9wqvp0qZ0X2LZITwQPm7nzFavqmAouqlpFtGiGIn5s=",
        "owner": "BirdeeHub",
        "repo": "nixToLua",
        "rev": "0547007d13faafe775f364c17aca45ad9a876f34",
        "type": "github"
      },
      "original": {
        "owner": "BirdeeHub",
        "repo": "nixToLua",
        "type": "github"
      }
    },
    "nixpkgs": {
      "locked": {
        "lastModified": 1722802969,
        "narHash": "sha256-bPhyAXNnVerBZusxOuPMhMm0X7hSFLFKcH+7ynfgLjs=",
        "owner": "nixos",
        "repo": "nixpkgs",
        "rev": "785feb91183a50959823ff9ba9ef673105259cd5",
        "type": "github"
      },
      "original": {
        "owner": "nixos",
        "ref": "nixpkgs-unstable",
        "repo": "nixpkgs",
        "type": "github"
      }
    },
    "root": {
      "inputs": {
        "nixToLua": "nixToLua",
        "nixpkgs": "nixpkgs"
      }
    }
  },
  "root": "root",
  "version": 7
}
